
Microsoft Visual Studio Solution File, Format Version 12.00
# Visual Studio Version 16
VisualStudioVersion = 16.0.30002.166
MinimumVisualStudioVersion = 10.0.40219.1
Project("{F184B08F-C81C-45F6-A57F-5ABD9991F28F}") = "VBTut1", "VBTut1\VBTut1.vbproj", "{ADA174B7-BFA8-44D3-A501-78D3F6CF0C9F}"
EndProject
Global
	GlobalSection(SolutionConfigurationPlatforms) = preSolution
		Debug|Any CPU = Debug|Any CPU
		Release|Any CPU = Release|Any CPU
	EndGlobalSection
	GlobalSection(ProjectConfigurationPlatforms) = postSolution
		{ADA174B7-BFA8-44D3-A501-78D3F6CF0C9F}.Debug|Any CPU.ActiveCfg = Debug|Any CPU
		{ADA174B7-BFA8-44D3-A501-78D3F6CF0C9F}.Debug|Any CPU.Build.0 = Debug|Any CPU
		{ADA174B7-BFA8-44D3-A501-78D3F6CF0C9F}.Release|Any CPU.ActiveCfg = Release|Any CPU
		{ADA174B7-BFA8-44D3-A501-78D3F6CF0C9F}.Release|Any CPU.Build.0 = Release|Any CPU
	EndGlobalSection
	GlobalSection(SolutionProperties) = preSolution
		HideSolutionNode = FALSE
	EndGlobalSection
	GlobalSection(ExtensibilityGlobals) = postSolution
		SolutionGuid = {C18DC7AE-C671-4555-A005-E7BE1D9B7489}
	EndGlobalSection
EndGlobal
